
Microsoft Visual Studio Solution File, Format Version 12.00
# Visual Studio 2012
Project("{FAE04EC0-301F-11D3-BF4B-00C04F79EFBC}") = "ScrabbleScore", "ScrabbleScore\ScrabbleScore.csproj", "{5135917D-B494-47C9-8ADF-6F7C90A74337}"
EndProject
Project("{FAE04EC0-301F-11D3-BF4B-00C04F79EFBC}") = "ScrabbleScore.Tests", "ScrabbleScore.Tests\ScrabbleScore.Tests.csproj", "{075F93B9-6ED9-4F2B-A381-CD1A9DF5B2FF}"
EndProject
Global
	GlobalSection(SolutionConfigurationPlatforms) = preSolution
		Debug|Any CPU = Debug|Any CPU
		Release|Any CPU = Release|Any CPU
	EndGlobalSection
	GlobalSection(ProjectConfigurationPlatforms) = postSolution
		{5135917D-B494-47C9-8ADF-6F7C90A74337}.Debug|Any CPU.ActiveCfg = Debug|Any CPU
		{5135917D-B494-47C9-8ADF-6F7C90A74337}.Debug|Any CPU.Build.0 = Debug|Any CPU
		{5135917D-B494-47C9-8ADF-6F7C90A74337}.Release|Any CPU.ActiveCfg = Release|Any CPU
		{5135917D-B494-47C9-8ADF-6F7C90A74337}.Release|Any CPU.Build.0 = Release|Any CPU
		{075F93B9-6ED9-4F2B-A381-CD1A9DF5B2FF}.Debug|Any CPU.ActiveCfg = Debug|Any CPU
		{075F93B9-6ED9-4F2B-A381-CD1A9DF5B2FF}.Debug|Any CPU.Build.0 = Debug|Any CPU
		{075F93B9-6ED9-4F2B-A381-CD1A9DF5B2FF}.Release|Any CPU.ActiveCfg = Release|Any CPU
		{075F93B9-6ED9-4F2B-A381-CD1A9DF5B2FF}.Release|Any CPU.Build.0 = Release|Any CPU
	EndGlobalSection
EndGlobal
